<?xml version="1.0" encoding="utf-8"?>
<Project ToolsVersion="4.0" xmlns="http://schemas.microsoft.com/developer/msbuild/2003">
  <ItemGroup>
    <Filter Include="ソース ファイル">
      <UniqueIdentifier>{4FC737F1-C7A5-4376-A066-2A32D752A2FF}</UniqueIdentifier>
      <Extensions>cpp;c;cc;cxx;c++;cppm;ixx;def;odl;idl;hpj;bat;asm;asmx</Extensions>
    </Filter>
    <Filter Include="ヘッダー ファイル">
      <UniqueIdentifier>{93995380-89BD-4b04-88EB-625FBE52EBFB}</UniqueIdentifier>
      <Extensions>h;hh;hpp;hxx;h++;hm;inl;inc;ipp;xsd</Extensions>
    </Filter>
    <Filter Include="リソース ファイル">
      <UniqueIdentifier>{67DA6AB6-F800-4c08-8B7A-83BB121AAD01}</UniqueIdentifier>
      <Extensions>rc;ico;cur;bmp;dlg;rc2;rct;bin;rgs;gif;jpg;jpeg;jpe;resx;tiff;tif;png;wav;mfcribbon-ms</Extensions>
    </Filter>
    <Filter Include="ソース ファイル\Character">
      <UniqueIdentifier>{d979a705-2085-45d5-a747-fecc7caa561e}</UniqueIdentifier>
    </Filter>
    <Filter Include="ソース ファイル\Character\Survivor">
      <UniqueIdentifier>{28fc397a-8e2d-4ba2-9945-ee6934bfd18f}</UniqueIdentifier>
    </Filter>
    <Filter Include="ソース ファイル\Character\Base">
      <UniqueIdentifier>{378bae50-a74f-4456-a416-5509ff915562}</UniqueIdentifier>
    </Filter>
    <Filter Include="ソース ファイル\Character\Hunter">
      <UniqueIdentifier>{8d4dcd59-944b-4c41-bbcb-bd85318e8e8e}</UniqueIdentifier>
    </Filter>
    <Filter Include="ソース ファイル\Scene">
      <UniqueIdentifier>{d5767583-8835-4014-9c4a-505fae2b2abd}</UniqueIdentifier>
    </Filter>
    <Filter Include="ソース ファイル\Others">
      <UniqueIdentifier>{167c55e3-8290-4514-80bf-393d11470d8a}</UniqueIdentifier>
    </Filter>
    <Filter Include="ソース ファイル\Character\Others">
      <UniqueIdentifier>{c899e56a-b617-47b6-a1f4-e6f4b72a7b7a}</UniqueIdentifier>
    </Filter>
    <Filter Include="ソース ファイル\Map">
      <UniqueIdentifier>{0f34c0b0-892f-4e1d-826b-78d2a7277772}</UniqueIdentifier>
    </Filter>
    <Filter Include="ソース ファイル\Collision">
      <UniqueIdentifier>{05b4a49c-8698-4da8-8d0c-efaef582b0bc}</UniqueIdentifier>
    </Filter>
    <Filter Include="ソース ファイル\Map\Object">
      <UniqueIdentifier>{33309685-0d56-4d80-8ca0-c514d90ef428}</UniqueIdentifier>
    </Filter>
  </ItemGroup>
  <ItemGroup>
    <ClCompile Include="Main.cpp">
      <Filter>ソース ファイル</Filter>
    </ClCompile>
    <ClCompile Include="Scene_Main.cpp">
      <Filter>ソース ファイル\Scene</Filter>
    </ClCompile>
    <ClCompile Include="Scene_Result.cpp">
      <Filter>ソース ファイル\Scene</Filter>
    </ClCompile>
    <ClCompile Include="Scene_SideSelect.cpp">
      <Filter>ソース ファイル\Scene</Filter>
    </ClCompile>
    <ClCompile Include="Scene_Title.cpp">
      <Filter>ソース ファイル\Scene</Filter>
    </ClCompile>
    <ClCompile Include="SceneBase.cpp">
      <Filter>ソース ファイル\Scene</Filter>
    </ClCompile>
    <ClCompile Include="SceneManager.cpp">
      <Filter>ソース ファイル\Scene</Filter>
    </ClCompile>
    <ClCompile Include="Gardener.cpp">
      <Filter>ソース ファイル\Character\Survivor</Filter>
    </ClCompile>
    <ClCompile Include="Hunter.cpp">
      <Filter>ソース ファイル\Character\Hunter</Filter>
    </ClCompile>
    <ClCompile Include="Character.cpp">
      <Filter>ソース ファイル\Character\Base</Filter>
    </ClCompile>
    <ClCompile Include="Survivor.cpp">
      <Filter>ソース ファイル\Character\Base</Filter>
    </ClCompile>
    <ClCompile Include="Kunoichi.cpp">
      <Filter>ソース ファイル\Character\Survivor</Filter>
    </ClCompile>
    <ClCompile Include="Lawyer.cpp">
      <Filter>ソース ファイル\Character\Survivor</Filter>
    </ClCompile>
    <ClCompile Include="AStar.cpp">
      <Filter>ソース ファイル\Character\Others</Filter>
    </ClCompile>
    <ClCompile Include="Input.cpp">
      <Filter>ソース ファイル\Others</Filter>
    </ClCompile>
    <ClCompile Include="Camera.cpp">
      <Filter>ソース ファイル\Character\Others</Filter>
    </ClCompile>
    <ClCompile Include="GameObject.cpp">
      <Filter>ソース ファイル\Others</Filter>
    </ClCompile>
    <ClCompile Include="Define.cpp">
      <Filter>ソース ファイル\Others</Filter>
    </ClCompile>
    <ClCompile Include="Math.cpp">
      <Filter>ソース ファイル\Others</Filter>
    </ClCompile>
    <ClCompile Include="Time.cpp">
      <Filter>ソース ファイル\Others</Filter>
    </ClCompile>
    <ClCompile Include="Offense.cpp">
      <Filter>ソース ファイル\Character\Survivor</Filter>
    </ClCompile>
    <ClCompile Include="Map.cpp">
      <Filter>ソース ファイル\Map</Filter>
    </ClCompile>
    <ClCompile Include="Collider.cpp">
      <Filter>ソース ファイル\Collision</Filter>
    </ClCompile>
    <ClCompile Include="CollisionManager.cpp">
      <Filter>ソース ファイル\Collision</Filter>
    </ClCompile>
    <ClCompile Include="CapsuleCollider.cpp">
      <Filter>ソース ファイル\Collision</Filter>
    </ClCompile>
    <ClCompile Include="CipherMachine.cpp">
      <Filter>ソース ファイル\Map\Object</Filter>
    </ClCompile>
    <ClCompile Include="Door.cpp">
      <Filter>ソース ファイル\Map\Object</Filter>
    </ClCompile>
    <ClCompile Include="Keypad.cpp">
      <Filter>ソース ファイル\Map\Object</Filter>
    </ClCompile>
    <ClCompile Include="RocketChair.cpp">
      <Filter>ソース ファイル\Map\Object</Filter>
    </ClCompile>
    <ClCompile Include="GameManager.cpp">
      <Filter>ソース ファイル\Others</Filter>
    </ClCompile>
    <ClCompile Include="Animator.cpp">
      <Filter>ソース ファイル\Character\Others</Filter>
    </ClCompile>
    <ClCompile Include="AnimationList.cpp">
      <Filter>ソース ファイル\Character\Others</Filter>
    </ClCompile>
    <ClCompile Include="SoundManager.cpp">
      <Filter>ソース ファイル\Others</Filter>
    </ClCompile>
  </ItemGroup>
  <ItemGroup>
    <ClInclude Include="Scene_Main.h">
      <Filter>ソース ファイル\Scene</Filter>
    </ClInclude>
    <ClInclude Include="Scene_Result.h">
      <Filter>ソース ファイル\Scene</Filter>
    </ClInclude>
    <ClInclude Include="Scene_SideSelect.h">
      <Filter>ソース ファイル\Scene</Filter>
    </ClInclude>
    <ClInclude Include="Scene_Title.h">
      <Filter>ソース ファイル\Scene</Filter>
    </ClInclude>
    <ClInclude Include="SceneBase.h">
      <Filter>ソース ファイル\Scene</Filter>
    </ClInclude>
    <ClInclude Include="SceneManager.h">
      <Filter>ソース ファイル\Scene</Filter>
    </ClInclude>
    <ClInclude Include="Gardener.h">
      <Filter>ソース ファイル\Character\Survivor</Filter>
    </ClInclude>
    <ClInclude Include="Hunter.h">
      <Filter>ソース ファイル\Character\Hunter</Filter>
    </ClInclude>
    <ClInclude Include="Character.h">
      <Filter>ソース ファイル\Character\Base</Filter>
    </ClInclude>
    <ClInclude Include="Survivor.h">
      <Filter>ソース ファイル\Character\Base</Filter>
    </ClInclude>
    <ClInclude Include="Kunoichi.h">
      <Filter>ソース ファイル\Character\Survivor</Filter>
    </ClInclude>
    <ClInclude Include="Lawyer.h">
      <Filter>ソース ファイル\Character\Survivor</Filter>
    </ClInclude>
    <ClInclude Include="AStar.h">
      <Filter>ソース ファイル\Character\Others</Filter>
    </ClInclude>
    <ClInclude Include="Input.h">
      <Filter>ソース ファイル\Others</Filter>
    </ClInclude>
    <ClInclude Include="Camera.h">
      <Filter>ソース ファイル\Character\Others</Filter>
    </ClInclude>
    <ClInclude Include="GameObject.h">
      <Filter>ソース ファイル\Others</Filter>
    </ClInclude>
    <ClInclude Include="Define.h">
      <Filter>ソース ファイル\Others</Filter>
    </ClInclude>
    <ClInclude Include="Math.h">
      <Filter>ソース ファイル\Others</Filter>
    </ClInclude>
    <ClInclude Include="Time.h">
      <Filter>ソース ファイル\Others</Filter>
    </ClInclude>
    <ClInclude Include="Offense.h">
      <Filter>ソース ファイル\Character\Survivor</Filter>
    </ClInclude>
    <ClInclude Include="Map.h">
      <Filter>ソース ファイル\Map</Filter>
    </ClInclude>
    <ClInclude Include="Collider.h">
      <Filter>ソース ファイル\Collision</Filter>
    </ClInclude>
    <ClInclude Include="CollisionManager.h">
      <Filter>ソース ファイル\Collision</Filter>
    </ClInclude>
    <ClInclude Include="CapsuleCollider.h">
      <Filter>ソース ファイル\Collision</Filter>
    </ClInclude>
    <ClInclude Include="PolyInfo.h">
      <Filter>ソース ファイル\Map</Filter>
    </ClInclude>
    <ClInclude Include="CipherMachine.h">
      <Filter>ソース ファイル\Map\Object</Filter>
    </ClInclude>
    <ClInclude Include="Door.h">
      <Filter>ソース ファイル\Map\Object</Filter>
    </ClInclude>
    <ClInclude Include="Keypad.h">
      <Filter>ソース ファイル\Map\Object</Filter>
    </ClInclude>
    <ClInclude Include="RocketChair.h">
      <Filter>ソース ファイル\Map\Object</Filter>
    </ClInclude>
    <ClInclude Include="GameManager.h">
      <Filter>ソース ファイル\Others</Filter>
    </ClInclude>
    <ClInclude Include="Animator.h">
      <Filter>ソース ファイル\Character\Others</Filter>
    </ClInclude>
    <ClInclude Include="Animation.h">
      <Filter>ソース ファイル\Character\Others</Filter>
    </ClInclude>
    <ClInclude Include="AnimationList.h">
      <Filter>ソース ファイル\Character\Others</Filter>
    </ClInclude>
    <ClInclude Include="SoundManager.h">
      <Filter>ソース ファイル\Others</Filter>
    </ClInclude>
  </ItemGroup>
</Project>